// !$*UTF8*$!
{
	archiveVersion = 1;
	classes = {
	};
	objectVersion = 56;
	objects = {

/* Begin PBXBuildFile section */
		32270F7429CBEC570061654D /* NoItemsView.swift in Sources */ = {isa = PBXBuildFile; fileRef = 32270F7329CBEC570061654D /* NoItemsView.swift */; };
		322A031229C38C4900909046 /* ListViewModel.swift in Sources */ = {isa = PBXBuildFile; fileRef = 322A031129C38C4900909046 /* ListViewModel.swift */; };
		3257AA7B29C371920010A1CB /* Just_Do_ItApp.swift in Sources */ = {isa = PBXBuildFile; fileRef = 3257AA7A29C371920010A1CB /* Just_Do_ItApp.swift */; };
		3257AA7F29C371930010A1CB /* Assets.xcassets in Resources */ = {isa = PBXBuildFile; fileRef = 3257AA7E29C371930010A1CB /* Assets.xcassets */; };
		3257AA8229C371930010A1CB /* Preview Assets.xcassets in Resources */ = {isa = PBXBuildFile; fileRef = 3257AA8129C371930010A1CB /* Preview Assets.xcassets */; };
		3257AA8C29C371FF0010A1CB /* ListView.swift in Sources */ = {isa = PBXBuildFile; fileRef = 3257AA8B29C371FF0010A1CB /* ListView.swift */; };
		3257AA8E29C3731A0010A1CB /* ListRowView.swift in Sources */ = {isa = PBXBuildFile; fileRef = 3257AA8D29C3731A0010A1CB /* ListRowView.swift */; };
		3257AA9029C376BB0010A1CB /* AddView.swift in Sources */ = {isa = PBXBuildFile; fileRef = 3257AA8F29C376BB0010A1CB /* AddView.swift */; };
		328F3A9B29C3DBAD00FD20CF /* ItemModel.swift in Sources */ = {isa = PBXBuildFile; fileRef = 328F3A9A29C3DBAD00FD20CF /* ItemModel.swift */; };
/* End PBXBuildFile section */

/* Begin PBXFileReference section */
		32270F7329CBEC570061654D /* NoItemsView.swift */ = {isa = PBXFileReference; lastKnownFileType = sourcecode.swift; path = NoItemsView.swift; sourceTree = "<group>"; };
		322A031129C38C4900909046 /* ListViewModel.swift */ = {isa = PBXFileReference; lastKnownFileType = sourcecode.swift; path = ListViewModel.swift; sourceTree = "<group>"; };
		3257AA7729C371920010A1CB /* Just Do It.app */ = {isa = PBXFileReference; explicitFileType = wrapper.application; includeInIndex = 0; path = "Just Do It.app"; sourceTree = BUILT_PRODUCTS_DIR; };
		3257AA7A29C371920010A1CB /* Just_Do_ItApp.swift */ = {isa = PBXFileReference; lastKnownFileType = sourcecode.swift; path = Just_Do_ItApp.swift; sourceTree = "<group>"; };
		3257AA7E29C371930010A1CB /* Assets.xcassets */ = {isa = PBXFileReference; lastKnownFileType = folder.assetcatalog; path = Assets.xcassets; sourceTree = "<group>"; };
		3257AA8129C371930010A1CB /* Preview Assets.xcassets */ = {isa = PBXFileReference; lastKnownFileType = folder.assetcatalog; path = "Preview Assets.xcassets"; sourceTree = "<group>"; };
		3257AA8B29C371FF0010A1CB /* ListView.swift */ = {isa = PBXFileReference; lastKnownFileType = sourcecode.swift; path = ListView.swift; sourceTree = "<group>"; };
		3257AA8D29C3731A0010A1CB /* ListRowView.swift */ = {isa = PBXFileReference; lastKnownFileType = sourcecode.swift; path = ListRowView.swift; sourceTree = "<group>"; };
		3257AA8F29C376BB0010A1CB /* AddView.swift */ = {isa = PBXFileReference; lastKnownFileType = sourcecode.swift; path = AddView.swift; sourceTree = "<group>"; };
		328F3A9A29C3DBAD00FD20CF /* ItemModel.swift */ = {isa = PBXFileReference; lastKnownFileType = sourcecode.swift; path = ItemModel.swift; sourceTree = "<group>"; };
/* End PBXFileReference section */

/* Begin PBXFrameworksBuildPhase section */
		3257AA7429C371920010A1CB /* Frameworks */ = {
			isa = PBXFrameworksBuildPhase;
			buildActionMask = 2147483647;
			files = (
			);
			runOnlyForDeploymentPostprocessing = 0;
		};
/* End PBXFrameworksBuildPhase section */

/* Begin PBXGroup section */
		322A031029C385F600909046 /* Models */ = {
			isa = PBXGroup;
			children = (
				328F3A9A29C3DBAD00FD20CF /* ItemModel.swift */,
			);
			path = Models;
			sourceTree = "<group>";
		};
		3257AA6E29C371920010A1CB = {
			isa = PBXGroup;
			children = (
				3257AA7929C371920010A1CB /* Just Do It */,
				3257AA7829C371920010A1CB /* Products */,
			);
			sourceTree = "<group>";
		};
		3257AA7829C371920010A1CB /* Products */ = {
			isa = PBXGroup;
			children = (
				3257AA7729C371920010A1CB /* Just Do It.app */,
			);
			name = Products;
			sourceTree = "<group>";
		};
		3257AA7929C371920010A1CB /* Just Do It */ = {
			isa = PBXGroup;
			children = (
				3257AA7A29C371920010A1CB /* Just_Do_ItApp.swift */,
				322A031029C385F600909046 /* Models */,
				328F3A9C29C3E3B100FD20CF /* View Model */,
				3257AA8829C3719C0010A1CB /* ListView */,
				3257AA7E29C371930010A1CB /* Assets.xcassets */,
				3257AA8029C371930010A1CB /* Preview Content */,
			);
			path = "Just Do It";
			sourceTree = "<group>";
		};
		3257AA8029C371930010A1CB /* Preview Content */ = {
			isa = PBXGroup;
			children = (
				3257AA8129C371930010A1CB /* Preview Assets.xcassets */,
			);
			path = "Preview Content";
			sourceTree = "<group>";
		};
		3257AA8829C3719C0010A1CB /* ListView */ = {
			isa = PBXGroup;
			children = (
				3257AA8B29C371FF0010A1CB /* ListView.swift */,
				3257AA8F29C376BB0010A1CB /* AddView.swift */,
				3257AA8D29C3731A0010A1CB /* ListRowView.swift */,
				32270F7329CBEC570061654D /* NoItemsView.swift */,
			);
			path = ListView;
			sourceTree = "<group>";
		};
		328F3A9C29C3E3B100FD20CF /* View Model */ = {
			isa = PBXGroup;
			children = (
				322A031129C38C4900909046 /* ListViewModel.swift */,
			);
			path = "View Model";
			sourceTree = "<group>";
		};
/* End PBXGroup section */

/* Begin PBXNativeTarget section */
		3257AA7629C371920010A1CB /* Just Do It */ = {
			isa = PBXNativeTarget;
			buildConfigurationList = 3257AA8529C371930010A1CB /* Build configuration list for PBXNativeTarget "Just Do It" */;
			buildPhases = (
				3257AA7329C371920010A1CB /* Sources */,
				3257AA7429C371920010A1CB /* Frameworks */,
				3257AA7529C371920010A1CB /* Resources */,
			);
			buildRules = (
			);
			dependencies = (
			);
			name = "Just Do It";
			productName = "Just Do It";
			productReference = 3257AA7729C371920010A1CB /* Just Do It.app */;
			productType = "com.apple.product-type.application";
		};
/* End PBXNativeTarget section */

/* Begin PBXProject section */
		3257AA6F29C371920010A1CB /* Project object */ = {
			isa = PBXProject;
			attributes = {
				BuildIndependentTargetsInParallel = 1;
				LastSwiftUpdateCheck = 1420;
				LastUpgradeCheck = 1420;
				TargetAttributes = {
					3257AA7629C371920010A1CB = {
						CreatedOnToolsVersion = 14.2;
					};
				};
			};
			buildConfigurationList = 3257AA7229C371920010A1CB /* Build configuration list for PBXProject "Just Do It" */;
			compatibilityVersion = "Xcode 14.0";
			developmentRegion = en;
			hasScannedForEncodings = 0;
			knownRegions = (
				en,
				Base,
			);
			mainGroup = 3257AA6E29C371920010A1CB;
			productRefGroup = 3257AA7829C371920010A1CB /* Products */;
			projectDirPath = "";
			projectRoot = "";
			targets = (
				3257AA7629C371920010A1CB /* Just Do It */,
			);
		};
/* End PBXProject section */

/* Begin PBXResourcesBuildPhase section */
		3257AA7529C371920010A1CB /* Resources */ = {
			isa = PBXResourcesBuildPhase;
			buildActionMask = 2147483647;
			files = (
				3257AA8229C371930010A1CB /* Preview Assets.xcassets in Resources */,
				3257AA7F29C371930010A1CB /* Assets.xcassets in Resources */,
			);
			runOnlyForDeploymentPostprocessing = 0;
		};
/* End PBXResourcesBuildPhase section */

/* Begin PBXSourcesBuildPhase section */
		3257AA7329C371920010A1CB /* Sources */ = {
			isa = PBXSourcesBuildPhase;
			buildActionMask = 2147483647;
			files = (
				328F3A9B29C3DBAD00FD20CF /* ItemModel.swift in Sources */,
				322A031229C38C4900909046 /* ListViewModel.swift in Sources */,
				3257AA9029C376BB0010A1CB /* AddView.swift in Sources */,
				3257AA8C29C371FF0010A1CB /* ListView.swift in Sources */,
				3257AA7B29C371920010A1CB /* Just_Do_ItApp.swift in Sources */,
				32270F7429CBEC570061654D /* NoItemsView.swift in Sources */,
				3257AA8E29C3731A0010A1CB /* ListRowView.swift in Sources */,
			);
			runOnlyForDeploymentPostprocessing = 0;
		};
/* End PBXSourcesBuildPhase section */

/* Begin XCBuildConfiguration section */
		3257AA8329C371930010A1CB /* Debug */ = {
			isa = XCBuildConfiguration;
			buildSettings = {
				ALWAYS_SEARCH_USER_PATHS = NO;
				CLANG_ANALYZER_NONNULL = YES;
				CLANG_ANALYZER_NUMBER_OBJECT_CONVERSION = YES_AGGRESSIVE;
				CLANG_CXX_LANGUAGE_STANDARD = "gnu++20";
				CLANG_ENABLE_MODULES = YES;
				CLANG_ENABLE_OBJC_ARC = YES;
				CLANG_ENABLE_OBJC_WEAK = YES;
				CLANG_WARN_BLOCK_CAPTURE_AUTORELEASING = YES;
				CLANG_WARN_BOOL_CONVERSION = YES;
				CLANG_WARN_COMMA = YES;
				CLANG_WARN_CONSTANT_CONVERSION = YES;
				CLANG_WARN_DEPRECATED_OBJC_IMPLEMENTATIONS = YES;
				CLANG_WARN_DIRECT_OBJC_ISA_USAGE = YES_ERROR;
				CLANG_WARN_DOCUMENTATION_COMMENTS = YES;
				CLANG_WARN_EMPTY_BODY = YES;
				CLANG_WARN_ENUM_CONVERSION = YES;
				CLANG_WARN_INFINITE_RECURSION = YES;
				CLANG_WARN_INT_CONVERSION = YES;
				CLANG_WARN_NON_LITERAL_NULL_CONVERSION = YES;
				CLANG_WARN_OBJC_IMPLICIT_RETAIN_SELF = YES;
				CLANG_WARN_OBJC_LITERAL_CONVERSION = YES;
				CLANG_WARN_OBJC_ROOT_CLASS = YES_ERROR;
				CLANG_WARN_QUOTED_INCLUDE_IN_FRAMEWORK_HEADER = YES;
				CLANG_WARN_RANGE_LOOP_ANALYSIS = YES;
				CLANG_WARN_STRICT_PROTOTYPES = YES;
				CLANG_WARN_SUSPICIOUS_MOVE = YES;
				CLANG_WARN_UNGUARDED_AVAILABILITY = YES_AGGRESSIVE;
				CLANG_WARN_UNREACHABLE_CODE = YES;
				CLANG_WARN__DUPLICATE_METHOD_MATCH = YES;
				COPY_PHASE_STRIP = NO;
				DEBUG_INFORMATION_FORMAT = dwarf;
				ENABLE_STRICT_OBJC_MSGSEND = YES;
				ENABLE_TESTABILITY = YES;
				GCC_C_LANGUAGE_STANDARD = gnu11;
				GCC_DYNAMIC_NO_PIC = NO;
				GCC_NO_COMMON_BLOCKS = YES;
				GCC_OPTIMIZATION_LEVEL = 0;
				GCC_PREPROCESSOR_DEFINITIONS = (
					"DEBUG=1",
					"$(inherited)",
				);
				GCC_WARN_64_TO_32_BIT_CONVERSION = YES;
				GCC_WARN_ABOUT_RETURN_TYPE = YES_ERROR;
				GCC_WARN_UNDECLARED_SELECTOR = YES;
				GCC_WARN_UNINITIALIZED_AUTOS = YES_AGGRESSIVE;
				GCC_WARN_UNUSED_FUNCTION = YES;
				GCC_WARN_UNUSED_VARIABLE = YES;
				IPHONEOS_DEPLOYMENT_TARGET = 16.2;
				MTL_ENABLE_DEBUG_INFO = INCLUDE_SOURCE;
				MTL_FAST_MATH = YES;
				ONLY_ACTIVE_ARCH = YES;
				SDKROOT = iphoneos;
				SWIFT_ACTIVE_COMPILATION_CONDITIONS = DEBUG;
				SWIFT_OPTIMIZATION_LEVEL = "-Onone";
			};
			name = Debug;
		};
		3257AA8429C371930010A1CB /* Release */ = {
			isa = XCBuildConfiguration;
			buildSettings = {
				ALWAYS_SEARCH_USER_PATHS = NO;
				CLANG_ANALYZER_NONNULL = YES;
				CLANG_ANALYZER_NUMBER_OBJECT_CONVERSION = YES_AGGRESSIVE;
				CLANG_CXX_LANGUAGE_STANDARD = "gnu++20";
				CLANG_ENABLE_MODULES = YES;
				CLANG_ENABLE_OBJC_ARC = YES;
				CLANG_ENABLE_OBJC_WEAK = YES;
				CLANG_WARN_BLOCK_CAPTURE_AUTORELEASING = YES;
				CLANG_WARN_BOOL_CONVERSION = YES;
				CLANG_WARN_COMMA = YES;
				CLANG_WARN_CONSTANT_CONVERSION = YES;
				CLANG_WARN_DEPRECATED_OBJC_IMPLEMENTATIONS = YES;
				CLANG_WARN_DIRECT_OBJC_ISA_USAGE = YES_ERROR;
				CLANG_WARN_DOCUMENTATION_COMMENTS = YES;
				CLANG_WARN_EMPTY_BODY = YES;
				CLANG_WARN_ENUM_CONVERSION = YES;
				CLANG_WARN_INFINITE_RECURSION = YES;
				CLANG_WARN_INT_CONVERSION = YES;
				CLANG_WARN_NON_LITERAL_NULL_CONVERSION = YES;
				CLANG_WARN_OBJC_IMPLICIT_RETAIN_SELF = YES;
				CLANG_WARN_OBJC_LITERAL_CONVERSION = YES;
				CLANG_WARN_OBJC_ROOT_CLASS = YES_ERROR;
				CLANG_WARN_QUOTED_INCLUDE_IN_FRAMEWORK_HEADER = YES;
				CLANG_WARN_RANGE_LOOP_ANALYSIS = YES;
				CLANG_WARN_STRICT_PROTOTYPES = YES;
				CLANG_WARN_SUSPICIOUS_MOVE = YES;
				CLANG_WARN_UNGUARDED_AVAILABILITY = YES_AGGRESSIVE;
				CLANG_WARN_UNREACHABLE_CODE = YES;
				CLANG_WARN__DUPLICATE_METHOD_MATCH = YES;
				COPY_PHASE_STRIP = NO;
				DEBUG_INFORMATION_FORMAT = "dwarf-with-dsym";
				ENABLE_NS_ASSERTIONS = NO;
				ENABLE_STRICT_OBJC_MSGSEND = YES;
				GCC_C_LANGUAGE_STANDARD = gnu11;
				GCC_NO_COMMON_BLOCKS = YES;
				GCC_WARN_64_TO_32_BIT_CONVERSION = YES;
				GCC_WARN_ABOUT_RETURN_TYPE = YES_ERROR;
				GCC_WARN_UNDECLARED_SELECTOR = YES;
				GCC_WARN_UNINITIALIZED_AUTOS = YES_AGGRESSIVE;
				GCC_WARN_UNUSED_FUNCTION = YES;
				GCC_WARN_UNUSED_VARIABLE = YES;
				IPHONEOS_DEPLOYMENT_TARGET = 16.2;
				MTL_ENABLE_DEBUG_INFO = NO;
				MTL_FAST_MATH = YES;
				SDKROOT = iphoneos;
				SWIFT_COMPILATION_MODE = wholemodule;
				SWIFT_OPTIMIZATION_LEVEL = "-O";
				VALIDATE_PRODUCT = YES;
			};
			name = Release;
		};
		3257AA8629C371930010A1CB /* Debug */ = {
			isa = XCBuildConfiguration;
			buildSettings = {
				ASSETCATALOG_COMPILER_APPICON_NAME = AppIcon;
				ASSETCATALOG_COMPILER_GLOBAL_ACCENT_COLOR_NAME = AccentColor;
				CODE_SIGN_STYLE = Automatic;
				CURRENT_PROJECT_VERSION = 1;
				DEVELOPMENT_ASSET_PATHS = "\"Just Do It/Preview Content\"";
				ENABLE_PREVIEWS = YES;
				GENERATE_INFOPLIST_FILE = YES;
				INFOPLIST_KEY_UIApplicationSceneManifest_Generation = YES;
				INFOPLIST_KEY_UIApplicationSupportsIndirectInputEvents = YES;
				INFOPLIST_KEY_UILaunchScreen_Generation = YES;
				INFOPLIST_KEY_UISupportedInterfaceOrientations_iPad = "UIInterfaceOrientationPortrait UIInterfaceOrientationPortraitUpsideDown UIInterfaceOrientationLandscapeLeft UIInterfaceOrientationLandscapeRight";
				INFOPLIST_KEY_UISupportedInterfaceOrientations_iPhone = "UIInterfaceOrientationPortrait UIInterfaceOrientationLandscapeLeft UIInterfaceOrientationLandscapeRight";
				LD_RUNPATH_SEARCH_PATHS = (
					"$(inherited)",
					"@executable_path/Frameworks",
				);
				MARKETING_VERSION = 1.0;
				PRODUCT_BUNDLE_IDENTIFIER = "bland.gg.Just-Do-It";
				PRODUCT_NAME = "$(TARGET_NAME)";
				SWIFT_EMIT_LOC_STRINGS = YES;
				SWIFT_VERSION = 5.0;
				TARGETED_DEVICE_FAMILY = "1,2";
			};
			name = Debug;
		};
		3257AA8729C371930010A1CB /* Release */ = {
			isa = XCBuildConfiguration;
			buildSettings = {
				ASSETCATALOG_COMPILER_APPICON_NAME = AppIcon;
				ASSETCATALOG_COMPILER_GLOBAL_ACCENT_COLOR_NAME = AccentColor;
				CODE_SIGN_STYLE = Automatic;
				CURRENT_PROJECT_VERSION = 1;
				DEVELOPMENT_ASSET_PATHS = "\"Just Do It/Preview Content\"";
				ENABLE_PREVIEWS = YES;
				GENERATE_INFOPLIST_FILE = YES;
				INFOPLIST_KEY_UIApplicationSceneManifest_Generation = YES;
				INFOPLIST_KEY_UIApplicationSupportsIndirectInputEvents = YES;
				INFOPLIST_KEY_UILaunchScreen_Generation = YES;
				INFOPLIST_KEY_UISupportedInterfaceOrientations_iPad = "UIInterfaceOrientationPortrait UIInterfaceOrientationPortraitUpsideDown UIInterfaceOrientationLandscapeLeft UIInterfaceOrientationLandscapeRight";
				INFOPLIST_KEY_UISupportedInterfaceOrientations_iPhone = "UIInterfaceOrientationPortrait UIInterfaceOrientationLandscapeLeft UIInterfaceOrientationLandscapeRight";
				LD_RUNPATH_SEARCH_PATHS = (
					"$(inherited)",
					"@executable_path/Frameworks",
				);
				MARKETING_VERSION = 1.0;
				PRODUCT_BUNDLE_IDENTIFIER = "bland.gg.Just-Do-It";
				PRODUCT_NAME = "$(TARGET_NAME)";
				SWIFT_EMIT_LOC_STRINGS = YES;
				SWIFT_VERSION = 5.0;
				TARGETED_DEVICE_FAMILY = "1,2";
			};
			name = Release;
		};
/* End XCBuildConfiguration section */

/* Begin XCConfigurationList section */
		3257AA7229C371920010A1CB /* Build configuration list for PBXProject "Just Do It" */ = {
			isa = XCConfigurationList;
			buildConfigurations = (
				3257AA8329C371930010A1CB /* Debug */,
				3257AA8429C371930010A1CB /* Release */,
			);
			defaultConfigurationIsVisible = 0;
			defaultConfigurationName = Release;
		};
		3257AA8529C371930010A1CB /* Build configuration list for PBXNativeTarget "Just Do It" */ = {
			isa = XCConfigurationList;
			buildConfigurations = (
				3257AA8629C371930010A1CB /* Debug */,
				3257AA8729C371930010A1CB /* Release */,
			);
			defaultConfigurationIsVisible = 0;
			defaultConfigurationName = Release;
		};
/* End XCConfigurationList section */
	};
	rootObject = 3257AA6F29C371920010A1CB /* Project object */;
}
